// !$*UTF8*$!
{
	archiveVersion = 1;
	classes = {
	};
	objectVersion = 55;
	objects = {

/* Begin PBXBuildFile section */
		80247EC2282D0D9E000350C6 /* Resume.swift in Sources */ = {isa = PBXBuildFile; fileRef = 80247EC1282D0D9E000350C6 /* Resume.swift */; };
		80247EC3282D0D9E000350C6 /* Resume.swift in Sources */ = {isa = PBXBuildFile; fileRef = 80247EC1282D0D9E000350C6 /* Resume.swift */; };
		80247EC8282D128D000350C6 /* PersonalInfoView.swift in Sources */ = {isa = PBXBuildFile; fileRef = 80247EC7282D128D000350C6 /* PersonalInfoView.swift */; };
		80247EC9282D128D000350C6 /* PersonalInfoView.swift in Sources */ = {isa = PBXBuildFile; fileRef = 80247EC7282D128D000350C6 /* PersonalInfoView.swift */; };
		80247ECB282D1323000350C6 /* PersonalInfoViewTest.swift in Sources */ = {isa = PBXBuildFile; fileRef = 80247ECA282D1323000350C6 /* PersonalInfoViewTest.swift */; };
		80247ECD282D2A30000350C6 /* PersonalInfoForm.swift in Sources */ = {isa = PBXBuildFile; fileRef = 80247ECC282D2A30000350C6 /* PersonalInfoForm.swift */; };
		80247ECE282D2A30000350C6 /* PersonalInfoForm.swift in Sources */ = {isa = PBXBuildFile; fileRef = 80247ECC282D2A30000350C6 /* PersonalInfoForm.swift */; };
		80247EE2282D5FCD000350C6 /* ImagePicker.swift in Sources */ = {isa = PBXBuildFile; fileRef = 80247EE1282D5FCD000350C6 /* ImagePicker.swift */; };
		80247EE3282D5FCD000350C6 /* ImagePicker.swift in Sources */ = {isa = PBXBuildFile; fileRef = 80247EE1282D5FCD000350C6 /* ImagePicker.swift */; };
		80247EE5282D6D9D000350C6 /* ResumeView.swift in Sources */ = {isa = PBXBuildFile; fileRef = 80247EE4282D6D9D000350C6 /* ResumeView.swift */; };
		80247EE6282D6D9D000350C6 /* ResumeView.swift in Sources */ = {isa = PBXBuildFile; fileRef = 80247EE4282D6D9D000350C6 /* ResumeView.swift */; };
		80331A1E283B7ED8007BEB37 /* Resolver in Frameworks */ = {isa = PBXBuildFile; productRef = 80331A1D283B7ED8007BEB37 /* Resolver */; };
		80331A20283B9001007BEB37 /* Injection.swift in Sources */ = {isa = PBXBuildFile; fileRef = 80331A1F283B9001007BEB37 /* Injection.swift */; };
		80331A21283B9001007BEB37 /* Injection.swift in Sources */ = {isa = PBXBuildFile; fileRef = 80331A1F283B9001007BEB37 /* Injection.swift */; };
		806166FD282FD2680033EB26 /* ResumeMO.swift in Sources */ = {isa = PBXBuildFile; fileRef = 806166FC282FD2680033EB26 /* ResumeMO.swift */; };
		806166FE282FD2680033EB26 /* ResumeMO.swift in Sources */ = {isa = PBXBuildFile; fileRef = 806166FC282FD2680033EB26 /* ResumeMO.swift */; };
		80616700282FD28D0033EB26 /* PersonalInfoMO.swift in Sources */ = {isa = PBXBuildFile; fileRef = 806166FF282FD28D0033EB26 /* PersonalInfoMO.swift */; };
		80616701282FD28D0033EB26 /* PersonalInfoMO.swift in Sources */ = {isa = PBXBuildFile; fileRef = 806166FF282FD28D0033EB26 /* PersonalInfoMO.swift */; };
		80616704282FD40A0033EB26 /* DBHelper.swift in Sources */ = {isa = PBXBuildFile; fileRef = 80616703282FD40A0033EB26 /* DBHelper.swift */; };
		80616705282FD40A0033EB26 /* DBHelper.swift in Sources */ = {isa = PBXBuildFile; fileRef = 80616703282FD40A0033EB26 /* DBHelper.swift */; };
		8061670B282FD4DA0033EB26 /* DataRepo.swift in Sources */ = {isa = PBXBuildFile; fileRef = 8061670A282FD4DA0033EB26 /* DataRepo.swift */; };
		8061670C282FD4DA0033EB26 /* DataRepo.swift in Sources */ = {isa = PBXBuildFile; fileRef = 8061670A282FD4DA0033EB26 /* DataRepo.swift */; };
		8061858C2831A9A700DCB09C /* WorkMO.swift in Sources */ = {isa = PBXBuildFile; fileRef = 8061858B2831A9A700DCB09C /* WorkMO.swift */; };
		8061858D2831A9A700DCB09C /* WorkMO.swift in Sources */ = {isa = PBXBuildFile; fileRef = 8061858B2831A9A700DCB09C /* WorkMO.swift */; };
		8061858F2831A9FA00DCB09C /* Work.swift in Sources */ = {isa = PBXBuildFile; fileRef = 8061858E2831A9FA00DCB09C /* Work.swift */; };
		806185902831A9FA00DCB09C /* Work.swift in Sources */ = {isa = PBXBuildFile; fileRef = 8061858E2831A9FA00DCB09C /* Work.swift */; };
		806185952831AB9B00DCB09C /* WorksView.swift in Sources */ = {isa = PBXBuildFile; fileRef = 806185942831AB9B00DCB09C /* WorksView.swift */; };
		806185962831AB9B00DCB09C /* WorksView.swift in Sources */ = {isa = PBXBuildFile; fileRef = 806185942831AB9B00DCB09C /* WorksView.swift */; };
		806567072830F4A2004256BA /* ImagePickerView.swift in Sources */ = {isa = PBXBuildFile; fileRef = 806567062830F4A2004256BA /* ImagePickerView.swift */; };
		806567082830F4A2004256BA /* ImagePickerView.swift in Sources */ = {isa = PBXBuildFile; fileRef = 806567062830F4A2004256BA /* ImagePickerView.swift */; };
		80656713283120F0004256BA /* ActivityView.swift in Sources */ = {isa = PBXBuildFile; fileRef = 80656712283120F0004256BA /* ActivityView.swift */; };
		80656714283120F0004256BA /* ActivityView.swift in Sources */ = {isa = PBXBuildFile; fileRef = 80656712283120F0004256BA /* ActivityView.swift */; };
		8065671628312177004256BA /* ActivityItem.swift in Sources */ = {isa = PBXBuildFile; fileRef = 8065671528312177004256BA /* ActivityItem.swift */; };
		8065671728312177004256BA /* ActivityItem.swift in Sources */ = {isa = PBXBuildFile; fileRef = 8065671528312177004256BA /* ActivityItem.swift */; };
		8065671C28315C99004256BA /* PDFCreator+Resume.swift in Sources */ = {isa = PBXBuildFile; fileRef = 8065671B28315C99004256BA /* PDFCreator+Resume.swift */; };
		8065671D28315C99004256BA /* PDFCreator+Resume.swift in Sources */ = {isa = PBXBuildFile; fileRef = 8065671B28315C99004256BA /* PDFCreator+Resume.swift */; };
		806C442B282C20B9003D1A57 /* AnyMindResumeApp.swift in Sources */ = {isa = PBXBuildFile; fileRef = 806C4403282C20B7003D1A57 /* AnyMindResumeApp.swift */; };
		806C442C282C20B9003D1A57 /* AnyMindResumeApp.swift in Sources */ = {isa = PBXBuildFile; fileRef = 806C4403282C20B7003D1A57 /* AnyMindResumeApp.swift */; };
		806C442D282C20B9003D1A57 /* ResumesView.swift in Sources */ = {isa = PBXBuildFile; fileRef = 806C4404282C20B7003D1A57 /* ResumesView.swift */; };
		806C442E282C20B9003D1A57 /* ResumesView.swift in Sources */ = {isa = PBXBuildFile; fileRef = 806C4404282C20B7003D1A57 /* ResumesView.swift */; };
		806C442F282C20B9003D1A57 /* Assets.xcassets in Resources */ = {isa = PBXBuildFile; fileRef = 806C4405282C20B9003D1A57 /* Assets.xcassets */; };
		806C4430282C20B9003D1A57 /* Assets.xcassets in Resources */ = {isa = PBXBuildFile; fileRef = 806C4405282C20B9003D1A57 /* Assets.xcassets */; };
		806C4452282C28D6003D1A57 /* ResumesViewTest.swift in Sources */ = {isa = PBXBuildFile; fileRef = 806C4451282C28D6003D1A57 /* ResumesViewTest.swift */; };
		806C4455282C2A46003D1A57 /* ViewInspector in Frameworks */ = {isa = PBXBuildFile; productRef = 806C4454282C2A46003D1A57 /* ViewInspector */; };
		8071D75C28325256003E11CF /* EducationsView.swift in Sources */ = {isa = PBXBuildFile; fileRef = 8071D75B28325256003E11CF /* EducationsView.swift */; };
		8071D75D28325256003E11CF /* EducationsView.swift in Sources */ = {isa = PBXBuildFile; fileRef = 8071D75B28325256003E11CF /* EducationsView.swift */; };
		8071D75F283252E2003E11CF /* Education.swift in Sources */ = {isa = PBXBuildFile; fileRef = 8071D75E283252E2003E11CF /* Education.swift */; };
		8071D760283252E2003E11CF /* Education.swift in Sources */ = {isa = PBXBuildFile; fileRef = 8071D75E283252E2003E11CF /* Education.swift */; };
		8071D762283253F8003E11CF /* EducationMO.swift in Sources */ = {isa = PBXBuildFile; fileRef = 8071D761283253F8003E11CF /* EducationMO.swift */; };
		8071D763283253F8003E11CF /* EducationMO.swift in Sources */ = {isa = PBXBuildFile; fileRef = 8071D761283253F8003E11CF /* EducationMO.swift */; };
		807D987328325B5700C06FFE /* Project.swift in Sources */ = {isa = PBXBuildFile; fileRef = 807D987228325B5700C06FFE /* Project.swift */; };
		807D987428325B5700C06FFE /* Project.swift in Sources */ = {isa = PBXBuildFile; fileRef = 807D987228325B5700C06FFE /* Project.swift */; };
		807D987628325C4600C06FFE /* ProjectMO.swift in Sources */ = {isa = PBXBuildFile; fileRef = 807D987528325C4600C06FFE /* ProjectMO.swift */; };
		807D987728325C4600C06FFE /* ProjectMO.swift in Sources */ = {isa = PBXBuildFile; fileRef = 807D987528325C4600C06FFE /* ProjectMO.swift */; };
		807D987928325E3400C06FFE /* ProjectsView.swift in Sources */ = {isa = PBXBuildFile; fileRef = 807D987828325E3400C06FFE /* ProjectsView.swift */; };
		807D987A28325E3400C06FFE /* ProjectsView.swift in Sources */ = {isa = PBXBuildFile; fileRef = 807D987828325E3400C06FFE /* ProjectsView.swift */; };
		808DB344282E66EA00452F5D /* PersonalInfo.swift in Sources */ = {isa = PBXBuildFile; fileRef = 808DB343282E66EA00452F5D /* PersonalInfo.swift */; };
		808DB345282E66EA00452F5D /* PersonalInfo.swift in Sources */ = {isa = PBXBuildFile; fileRef = 808DB343282E66EA00452F5D /* PersonalInfo.swift */; };
		809B4C032830278900927067 /* Skill.swift in Sources */ = {isa = PBXBuildFile; fileRef = 809B4C022830278900927067 /* Skill.swift */; };
		809B4C042830278900927067 /* Skill.swift in Sources */ = {isa = PBXBuildFile; fileRef = 809B4C022830278900927067 /* Skill.swift */; };
		809B4C0C28302BBC00927067 /* SkillMO.swift in Sources */ = {isa = PBXBuildFile; fileRef = 809B4C0B28302BBC00927067 /* SkillMO.swift */; };
		809B4C0D28302BBC00927067 /* SkillMO.swift in Sources */ = {isa = PBXBuildFile; fileRef = 809B4C0B28302BBC00927067 /* SkillMO.swift */; };
		809B4C0F283034D300927067 /* SkillsView.swift in Sources */ = {isa = PBXBuildFile; fileRef = 809B4C0E283034D300927067 /* SkillsView.swift */; };
		809B4C10283034D300927067 /* SkillsView.swift in Sources */ = {isa = PBXBuildFile; fileRef = 809B4C0E283034D300927067 /* SkillsView.swift */; };
		80D6BEAD282EDF1500A429A3 /* db_model_v1.xcdatamodeld in Sources */ = {isa = PBXBuildFile; fileRef = 80D6BEAB282EDF1500A429A3 /* db_model_v1.xcdatamodeld */; };
		80D6BEAE282EDF1500A429A3 /* db_model_v1.xcdatamodeld in Sources */ = {isa = PBXBuildFile; fileRef = 80D6BEAB282EDF1500A429A3 /* db_model_v1.xcdatamodeld */; };
/* End PBXBuildFile section */

/* Begin PBXContainerItemProxy section */
		806C444C282C289F003D1A57 /* PBXContainerItemProxy */ = {
			isa = PBXContainerItemProxy;
			containerPortal = 806C43FE282C20B7003D1A57 /* Project object */;
			proxyType = 1;
			remoteGlobalIDString = 806C4409282C20B9003D1A57;
			remoteInfo = "AnyMindResume (iOS)";
		};
/* End PBXContainerItemProxy section */

/* Begin PBXFileReference section */
		80247EC1282D0D9E000350C6 /* Resume.swift */ = {isa = PBXFileReference; lastKnownFileType = sourcecode.swift; path = Resume.swift; sourceTree = "<group>"; };
		80247EC7282D128D000350C6 /* PersonalInfoView.swift */ = {isa = PBXFileReference; lastKnownFileType = sourcecode.swift; path = PersonalInfoView.swift; sourceTree = "<group>"; };
		80247ECA282D1323000350C6 /* PersonalInfoViewTest.swift */ = {isa = PBXFileReference; lastKnownFileType = sourcecode.swift; path = PersonalInfoViewTest.swift; sourceTree = "<group>"; };
		80247ECC282D2A30000350C6 /* PersonalInfoForm.swift */ = {isa = PBXFileReference; lastKnownFileType = sourcecode.swift; path = PersonalInfoForm.swift; sourceTree = "<group>"; };
		80247EE1282D5FCD000350C6 /* ImagePicker.swift */ = {isa = PBXFileReference; lastKnownFileType = sourcecode.swift; path = ImagePicker.swift; sourceTree = "<group>"; };
		80247EE4282D6D9D000350C6 /* ResumeView.swift */ = {isa = PBXFileReference; lastKnownFileType = sourcecode.swift; path = ResumeView.swift; sourceTree = "<group>"; };
		80331A1F283B9001007BEB37 /* Injection.swift */ = {isa = PBXFileReference; lastKnownFileType = sourcecode.swift; path = Injection.swift; sourceTree = "<group>"; };
		806166FC282FD2680033EB26 /* ResumeMO.swift */ = {isa = PBXFileReference; lastKnownFileType = sourcecode.swift; path = ResumeMO.swift; sourceTree = "<group>"; };
		806166FF282FD28D0033EB26 /* PersonalInfoMO.swift */ = {isa = PBXFileReference; lastKnownFileType = sourcecode.swift; path = PersonalInfoMO.swift; sourceTree = "<group>"; };
		80616703282FD40A0033EB26 /* DBHelper.swift */ = {isa = PBXFileReference; lastKnownFileType = sourcecode.swift; path = DBHelper.swift; sourceTree = "<group>"; };
		8061670A282FD4DA0033EB26 /* DataRepo.swift */ = {isa = PBXFileReference; lastKnownFileType = sourcecode.swift; path = DataRepo.swift; sourceTree = "<group>"; };
		8061858B2831A9A700DCB09C /* WorkMO.swift */ = {isa = PBXFileReference; lastKnownFileType = sourcecode.swift; path = WorkMO.swift; sourceTree = "<group>"; };
		8061858E2831A9FA00DCB09C /* Work.swift */ = {isa = PBXFileReference; lastKnownFileType = sourcecode.swift; path = Work.swift; sourceTree = "<group>"; };
		806185942831AB9B00DCB09C /* WorksView.swift */ = {isa = PBXFileReference; lastKnownFileType = sourcecode.swift; path = WorksView.swift; sourceTree = "<group>"; };
		806567062830F4A2004256BA /* ImagePickerView.swift */ = {isa = PBXFileReference; lastKnownFileType = sourcecode.swift; path = ImagePickerView.swift; sourceTree = "<group>"; };
		80656712283120F0004256BA /* ActivityView.swift */ = {isa = PBXFileReference; lastKnownFileType = sourcecode.swift; path = ActivityView.swift; sourceTree = "<group>"; };
		8065671528312177004256BA /* ActivityItem.swift */ = {isa = PBXFileReference; lastKnownFileType = sourcecode.swift; path = ActivityItem.swift; sourceTree = "<group>"; };
		8065671B28315C99004256BA /* PDFCreator+Resume.swift */ = {isa = PBXFileReference; lastKnownFileType = sourcecode.swift; path = "PDFCreator+Resume.swift"; sourceTree = "<group>"; };
		806C4403282C20B7003D1A57 /* AnyMindResumeApp.swift */ = {isa = PBXFileReference; lastKnownFileType = sourcecode.swift; path = AnyMindResumeApp.swift; sourceTree = "<group>"; };
		806C4404282C20B7003D1A57 /* ResumesView.swift */ = {isa = PBXFileReference; lastKnownFileType = sourcecode.swift; path = ResumesView.swift; sourceTree = "<group>"; };
		806C4405282C20B9003D1A57 /* Assets.xcassets */ = {isa = PBXFileReference; lastKnownFileType = folder.assetcatalog; path = Assets.xcassets; sourceTree = "<group>"; };
		806C440A282C20B9003D1A57 /* AnyMindResume.app */ = {isa = PBXFileReference; explicitFileType = wrapper.application; includeInIndex = 0; path = AnyMindResume.app; sourceTree = BUILT_PRODUCTS_DIR; };
		806C4410282C20B9003D1A57 /* AnyMindResume.app */ = {isa = PBXFileReference; explicitFileType = wrapper.application; includeInIndex = 0; path = AnyMindResume.app; sourceTree = BUILT_PRODUCTS_DIR; };
		806C4412282C20B9003D1A57 /* macOS.entitlements */ = {isa = PBXFileReference; lastKnownFileType = text.plist.entitlements; path = macOS.entitlements; sourceTree = "<group>"; };
		806C4448282C289F003D1A57 /* Tests iOS.xctest */ = {isa = PBXFileReference; explicitFileType = wrapper.cfbundle; includeInIndex = 0; path = "Tests iOS.xctest"; sourceTree = BUILT_PRODUCTS_DIR; };
		806C4451282C28D6003D1A57 /* ResumesViewTest.swift */ = {isa = PBXFileReference; lastKnownFileType = sourcecode.swift; path = ResumesViewTest.swift; sourceTree = "<group>"; };
		8071D75B28325256003E11CF /* EducationsView.swift */ = {isa = PBXFileReference; lastKnownFileType = sourcecode.swift; path = EducationsView.swift; sourceTree = "<group>"; };
		8071D75E283252E2003E11CF /* Education.swift */ = {isa = PBXFileReference; lastKnownFileType = sourcecode.swift; path = Education.swift; sourceTree = "<group>"; };
		8071D761283253F8003E11CF /* EducationMO.swift */ = {isa = PBXFileReference; lastKnownFileType = sourcecode.swift; path = EducationMO.swift; sourceTree = "<group>"; };
		807D987228325B5700C06FFE /* Project.swift */ = {isa = PBXFileReference; lastKnownFileType = sourcecode.swift; path = Project.swift; sourceTree = "<group>"; };
		807D987528325C4600C06FFE /* ProjectMO.swift */ = {isa = PBXFileReference; lastKnownFileType = sourcecode.swift; path = ProjectMO.swift; sourceTree = "<group>"; };
		807D987828325E3400C06FFE /* ProjectsView.swift */ = {isa = PBXFileReference; lastKnownFileType = sourcecode.swift; path = ProjectsView.swift; sourceTree = "<group>"; };
		808DB343282E66EA00452F5D /* PersonalInfo.swift */ = {isa = PBXFileReference; lastKnownFileType = sourcecode.swift; path = PersonalInfo.swift; sourceTree = "<group>"; };
		809B4C022830278900927067 /* Skill.swift */ = {isa = PBXFileReference; lastKnownFileType = sourcecode.swift; path = Skill.swift; sourceTree = "<group>"; };
		809B4C0B28302BBC00927067 /* SkillMO.swift */ = {isa = PBXFileReference; lastKnownFileType = sourcecode.swift; path = SkillMO.swift; sourceTree = "<group>"; };
		809B4C0E283034D300927067 /* SkillsView.swift */ = {isa = PBXFileReference; lastKnownFileType = sourcecode.swift; path = SkillsView.swift; sourceTree = "<group>"; };
		80D6BEAC282EDF1500A429A3 /* db_model_v1.xcdatamodel */ = {isa = PBXFileReference; lastKnownFileType = wrapper.xcdatamodel; path = db_model_v1.xcdatamodel; sourceTree = "<group>"; };
/* End PBXFileReference section */

/* Begin PBXFrameworksBuildPhase section */
		806C4407282C20B9003D1A57 /* Frameworks */ = {
			isa = PBXFrameworksBuildPhase;
			buildActionMask = 2147483647;
			files = (
				80331A1E283B7ED8007BEB37 /* Resolver in Frameworks */,
			);
			runOnlyForDeploymentPostprocessing = 0;
		};
		806C440D282C20B9003D1A57 /* Frameworks */ = {
			isa = PBXFrameworksBuildPhase;
			buildActionMask = 2147483647;
			files = (
			);
			runOnlyForDeploymentPostprocessing = 0;
		};
		806C4445282C289F003D1A57 /* Frameworks */ = {
			isa = PBXFrameworksBuildPhase;
			buildActionMask = 2147483647;
			files = (
				806C4455282C2A46003D1A57 /* ViewInspector in Frameworks */,
			);
			runOnlyForDeploymentPostprocessing = 0;
		};
/* End PBXFrameworksBuildPhase section */

/* Begin PBXGroup section */
		80247EC0282D0D81000350C6 /* Models */ = {
			isa = PBXGroup;
			children = (
				806166FB282FD1D70033EB26 /* Models+CoreData */,
				80247EC1282D0D9E000350C6 /* Resume.swift */,
				808DB343282E66EA00452F5D /* PersonalInfo.swift */,
				809B4C022830278900927067 /* Skill.swift */,
				8061858E2831A9FA00DCB09C /* Work.swift */,
				8071D75E283252E2003E11CF /* Education.swift */,
				807D987228325B5700C06FFE /* Project.swift */,
			);
			path = Models;
			sourceTree = "<group>";
		};
		80247EC4282D0DF3000350C6 /* UI */ = {
			isa = PBXGroup;
			children = (
				806C4403282C20B7003D1A57 /* AnyMindResumeApp.swift */,
				806C4404282C20B7003D1A57 /* ResumesView.swift */,
				80247EC6282D126B000350C6 /* Personal Info */,
				80247EE4282D6D9D000350C6 /* ResumeView.swift */,
				809B4C0E283034D300927067 /* SkillsView.swift */,
				806185942831AB9B00DCB09C /* WorksView.swift */,
				8071D75B28325256003E11CF /* EducationsView.swift */,
				807D987828325E3400C06FFE /* ProjectsView.swift */,
				806567062830F4A2004256BA /* ImagePickerView.swift */,
			);
			path = UI;
			sourceTree = "<group>";
		};
		80247EC5282D0E32000350C6 /* Resources */ = {
			isa = PBXGroup;
			children = (
				806C4405282C20B9003D1A57 /* Assets.xcassets */,
			);
			path = Resources;
			sourceTree = "<group>";
		};
		80247EC6282D126B000350C6 /* Personal Info */ = {
			isa = PBXGroup;
			children = (
				80247EC7282D128D000350C6 /* PersonalInfoView.swift */,
				80247ECC282D2A30000350C6 /* PersonalInfoForm.swift */,
			);
			path = "Personal Info";
			sourceTree = "<group>";
		};
		806166FB282FD1D70033EB26 /* Models+CoreData */ = {
			isa = PBXGroup;
			children = (
				806166FC282FD2680033EB26 /* ResumeMO.swift */,
				806166FF282FD28D0033EB26 /* PersonalInfoMO.swift */,
				809B4C0B28302BBC00927067 /* SkillMO.swift */,
				8061858B2831A9A700DCB09C /* WorkMO.swift */,
				8071D761283253F8003E11CF /* EducationMO.swift */,
				807D987528325C4600C06FFE /* ProjectMO.swift */,
			);
			path = "Models+CoreData";
			sourceTree = "<group>";
		};
		80616702282FD37B0033EB26 /* Persistence */ = {
			isa = PBXGroup;
			children = (
				80D6BEAB282EDF1500A429A3 /* db_model_v1.xcdatamodeld */,
				80616703282FD40A0033EB26 /* DBHelper.swift */,
			);
			path = Persistence;
			sourceTree = "<group>";
		};
		80616709282FD4670033EB26 /* Utilities */ = {
			isa = PBXGroup;
			children = (
				80331A1F283B9001007BEB37 /* Injection.swift */,
				8065671E28315CB0004256BA /* PDFCreator */,
				8065671A28312246004256BA /* Repos */,
				8065671928312223004256BA /* UI */,
			);
			path = Utilities;
			sourceTree = "<group>";
		};
		80656718283121BE004256BA /* ActivityView */ = {
			isa = PBXGroup;
			children = (
				80656712283120F0004256BA /* ActivityView.swift */,
				8065671528312177004256BA /* ActivityItem.swift */,
			);
			path = ActivityView;
			sourceTree = "<group>";
		};
		8065671928312223004256BA /* UI */ = {
			isa = PBXGroup;
			children = (
				80656718283121BE004256BA /* ActivityView */,
				80247EE1282D5FCD000350C6 /* ImagePicker.swift */,
			);
			path = UI;
			sourceTree = "<group>";
		};
		8065671A28312246004256BA /* Repos */ = {
			isa = PBXGroup;
			children = (
				8061670A282FD4DA0033EB26 /* DataRepo.swift */,
				80616702282FD37B0033EB26 /* Persistence */,
			);
			path = Repos;
			sourceTree = "<group>";
		};
		8065671E28315CB0004256BA /* PDFCreator */ = {
			isa = PBXGroup;
			children = (
				8065671B28315C99004256BA /* PDFCreator+Resume.swift */,
			);
			path = PDFCreator;
			sourceTree = "<group>";
		};
		806C43FD282C20B7003D1A57 = {
			isa = PBXGroup;
			children = (
				806C4402282C20B7003D1A57 /* Shared */,
				806C4411282C20B9003D1A57 /* macOS */,
				806C4449282C289F003D1A57 /* Tests iOS */,
				806C440B282C20B9003D1A57 /* Products */,
				806C4453282C2A46003D1A57 /* Frameworks */,
			);
			sourceTree = "<group>";
		};
		806C4402282C20B7003D1A57 /* Shared */ = {
			isa = PBXGroup;
			children = (
				80616709282FD4670033EB26 /* Utilities */,
				80247EC0282D0D81000350C6 /* Models */,
				80247EC4282D0DF3000350C6 /* UI */,
				80247EC5282D0E32000350C6 /* Resources */,
			);
			path = Shared;
			sourceTree = "<group>";
		};
		806C440B282C20B9003D1A57 /* Products */ = {
			isa = PBXGroup;
			children = (
				806C440A282C20B9003D1A57 /* AnyMindResume.app */,
				806C4410282C20B9003D1A57 /* AnyMindResume.app */,
				806C4448282C289F003D1A57 /* Tests iOS.xctest */,
			);
			name = Products;
			sourceTree = "<group>";
		};
		806C4411282C20B9003D1A57 /* macOS */ = {
			isa = PBXGroup;
			children = (
				806C4412282C20B9003D1A57 /* macOS.entitlements */,
			);
			path = macOS;
			sourceTree = "<group>";
		};
		806C4449282C289F003D1A57 /* Tests iOS */ = {
			isa = PBXGroup;
			children = (
				806C4451282C28D6003D1A57 /* ResumesViewTest.swift */,
				80247ECA282D1323000350C6 /* PersonalInfoViewTest.swift */,
			);
			path = "Tests iOS";
			sourceTree = "<group>";
		};
		806C4453282C2A46003D1A57 /* Frameworks */ = {
			isa = PBXGroup;
			children = (
			);
			name = Frameworks;
			sourceTree = "<group>";
		};
/* End PBXGroup section */

/* Begin PBXNativeTarget section */
		806C4409282C20B9003D1A57 /* AnyMindResume (iOS) */ = {
			isa = PBXNativeTarget;
			buildConfigurationList = 806C4433282C20B9003D1A57 /* Build configuration list for PBXNativeTarget "AnyMindResume (iOS)" */;
			buildPhases = (
				806C4406282C20B9003D1A57 /* Sources */,
				806C4407282C20B9003D1A57 /* Frameworks */,
				806C4408282C20B9003D1A57 /* Resources */,
			);
			buildRules = (
			);
			dependencies = (
			);
			name = "AnyMindResume (iOS)";
			packageProductDependencies = (
				80331A1D283B7ED8007BEB37 /* Resolver */,
			);
			productName = "AnyMindResume (iOS)";
			productReference = 806C440A282C20B9003D1A57 /* AnyMindResume.app */;
			productType = "com.apple.product-type.application";
		};
		806C440F282C20B9003D1A57 /* AnyMindResume (macOS) */ = {
			isa = PBXNativeTarget;
			buildConfigurationList = 806C4436282C20B9003D1A57 /* Build configuration list for PBXNativeTarget "AnyMindResume (macOS)" */;
			buildPhases = (
				806C440C282C20B9003D1A57 /* Sources */,
				806C440D282C20B9003D1A57 /* Frameworks */,
				806C440E282C20B9003D1A57 /* Resources */,
			);
			buildRules = (
			);
			dependencies = (
			);
			name = "AnyMindResume (macOS)";
			productName = "AnyMindResume (macOS)";
			productReference = 806C4410282C20B9003D1A57 /* AnyMindResume.app */;
			productType = "com.apple.product-type.application";
		};
		806C4447282C289F003D1A57 /* Tests iOS */ = {
			isa = PBXNativeTarget;
			buildConfigurationList = 806C444E282C289F003D1A57 /* Build configuration list for PBXNativeTarget "Tests iOS" */;
			buildPhases = (
				806C4444282C289F003D1A57 /* Sources */,
				806C4445282C289F003D1A57 /* Frameworks */,
				806C4446282C289F003D1A57 /* Resources */,
			);
			buildRules = (
			);
			dependencies = (
				806C444D282C289F003D1A57 /* PBXTargetDependency */,
			);
			name = "Tests iOS";
			packageProductDependencies = (
				806C4454282C2A46003D1A57 /* ViewInspector */,
			);
			productName = "Tests iOS";
			productReference = 806C4448282C289F003D1A57 /* Tests iOS.xctest */;
			productType = "com.apple.product-type.bundle.unit-test";
		};
/* End PBXNativeTarget section */

/* Begin PBXProject section */
		806C43FE282C20B7003D1A57 /* Project object */ = {
			isa = PBXProject;
			attributes = {
				BuildIndependentTargetsInParallel = 1;
				LastSwiftUpdateCheck = 1330;
				LastUpgradeCheck = 1330;
				TargetAttributes = {
					806C4409282C20B9003D1A57 = {
						CreatedOnToolsVersion = 13.3;
					};
					806C440F282C20B9003D1A57 = {
						CreatedOnToolsVersion = 13.3;
					};
					806C4447282C289F003D1A57 = {
						CreatedOnToolsVersion = 13.3;
						LastSwiftMigration = 1330;
						TestTargetID = 806C4409282C20B9003D1A57;
					};
				};
			};
			buildConfigurationList = 806C4401282C20B7003D1A57 /* Build configuration list for PBXProject "AnyMindResume" */;
			compatibilityVersion = "Xcode 13.0";
			developmentRegion = en;
			hasScannedForEncodings = 0;
			knownRegions = (
				en,
				Base,
			);
			mainGroup = 806C43FD282C20B7003D1A57;
			packageReferences = (
				806C443F282C220C003D1A57 /* XCRemoteSwiftPackageReference "ViewInspector" */,
				80331A1C283B7ED8007BEB37 /* XCRemoteSwiftPackageReference "Resolver" */,
			);
			productRefGroup = 806C440B282C20B9003D1A57 /* Products */;
			projectDirPath = "";
			projectRoot = "";
			targets = (
				806C4409282C20B9003D1A57 /* AnyMindResume (iOS) */,
				806C440F282C20B9003D1A57 /* AnyMindResume (macOS) */,
				806C4447282C289F003D1A57 /* Tests iOS */,
			);
		};
/* End PBXProject section */

/* Begin PBXResourcesBuildPhase section */
		806C4408282C20B9003D1A57 /* Resources */ = {
			isa = PBXResourcesBuildPhase;
			buildActionMask = 2147483647;
			files = (
				806C442F282C20B9003D1A57 /* Assets.xcassets in Resources */,
			);
			runOnlyForDeploymentPostprocessing = 0;
		};
		806C440E282C20B9003D1A57 /* Resources */ = {
			isa = PBXResourcesBuildPhase;
			buildActionMask = 2147483647;
			files = (
				806C4430282C20B9003D1A57 /* Assets.xcassets in Resources */,
			);
			runOnlyForDeploymentPostprocessing = 0;
		};
		806C4446282C289F003D1A57 /* Resources */ = {
			isa = PBXResourcesBuildPhase;
			buildActionMask = 2147483647;
			files = (
			);
			runOnlyForDeploymentPostprocessing = 0;
		};
/* End PBXResourcesBuildPhase section */

/* Begin PBXSourcesBuildPhase section */
		806C4406282C20B9003D1A57 /* Sources */ = {
			isa = PBXSourcesBuildPhase;
			buildActionMask = 2147483647;
			files = (
				8061670B282FD4DA0033EB26 /* DataRepo.swift in Sources */,
				8061858F2831A9FA00DCB09C /* Work.swift in Sources */,
				806166FD282FD2680033EB26 /* ResumeMO.swift in Sources */,
				8071D75C28325256003E11CF /* EducationsView.swift in Sources */,
				80616704282FD40A0033EB26 /* DBHelper.swift in Sources */,
				809B4C0C28302BBC00927067 /* SkillMO.swift in Sources */,
				80247EE2282D5FCD000350C6 /* ImagePicker.swift in Sources */,
				809B4C032830278900927067 /* Skill.swift in Sources */,
				80247EC2282D0D9E000350C6 /* Resume.swift in Sources */,
				80247EE5282D6D9D000350C6 /* ResumeView.swift in Sources */,
				8071D762283253F8003E11CF /* EducationMO.swift in Sources */,
				80656713283120F0004256BA /* ActivityView.swift in Sources */,
				8071D75F283252E2003E11CF /* Education.swift in Sources */,
				80247EC8282D128D000350C6 /* PersonalInfoView.swift in Sources */,
				80D6BEAD282EDF1500A429A3 /* db_model_v1.xcdatamodeld in Sources */,
				807D987928325E3400C06FFE /* ProjectsView.swift in Sources */,
				807D987628325C4600C06FFE /* ProjectMO.swift in Sources */,
				8065671C28315C99004256BA /* PDFCreator+Resume.swift in Sources */,
				80616700282FD28D0033EB26 /* PersonalInfoMO.swift in Sources */,
				8061858C2831A9A700DCB09C /* WorkMO.swift in Sources */,
				809B4C0F283034D300927067 /* SkillsView.swift in Sources */,
				80331A20283B9001007BEB37 /* Injection.swift in Sources */,
				806C442D282C20B9003D1A57 /* ResumesView.swift in Sources */,
				807D987328325B5700C06FFE /* Project.swift in Sources */,
				808DB344282E66EA00452F5D /* PersonalInfo.swift in Sources */,
				80247ECD282D2A30000350C6 /* PersonalInfoForm.swift in Sources */,
				806C442B282C20B9003D1A57 /* AnyMindResumeApp.swift in Sources */,
				806567072830F4A2004256BA /* ImagePickerView.swift in Sources */,
				806185952831AB9B00DCB09C /* WorksView.swift in Sources */,
				8065671628312177004256BA /* ActivityItem.swift in Sources */,
			);
			runOnlyForDeploymentPostprocessing = 0;
		};
		806C440C282C20B9003D1A57 /* Sources */ = {
			isa = PBXSourcesBuildPhase;
			buildActionMask = 2147483647;
			files = (
				8061670C282FD4DA0033EB26 /* DataRepo.swift in Sources */,
				806166FE282FD2680033EB26 /* ResumeMO.swift in Sources */,
				80616705282FD40A0033EB26 /* DBHelper.swift in Sources */,
				8071D75D28325256003E11CF /* EducationsView.swift in Sources */,
				809B4C0D28302BBC00927067 /* SkillMO.swift in Sources */,
				80247EE3282D5FCD000350C6 /* ImagePicker.swift in Sources */,
				8061858D2831A9A700DCB09C /* WorkMO.swift in Sources */,
				809B4C042830278900927067 /* Skill.swift in Sources */,
				806185902831A9FA00DCB09C /* Work.swift in Sources */,
				80247EC3282D0D9E000350C6 /* Resume.swift in Sources */,
				8071D763283253F8003E11CF /* EducationMO.swift in Sources */,
				80247EE6282D6D9D000350C6 /* ResumeView.swift in Sources */,
				8071D760283252E2003E11CF /* Education.swift in Sources */,
				80656714283120F0004256BA /* ActivityView.swift in Sources */,
				80247EC9282D128D000350C6 /* PersonalInfoView.swift in Sources */,
				807D987A28325E3400C06FFE /* ProjectsView.swift in Sources */,
				807D987728325C4600C06FFE /* ProjectMO.swift in Sources */,
				80D6BEAE282EDF1500A429A3 /* db_model_v1.xcdatamodeld in Sources */,
				8065671D28315C99004256BA /* PDFCreator+Resume.swift in Sources */,
				80616701282FD28D0033EB26 /* PersonalInfoMO.swift in Sources */,
				809B4C10283034D300927067 /* SkillsView.swift in Sources */,
				80331A21283B9001007BEB37 /* Injection.swift in Sources */,
				806C442E282C20B9003D1A57 /* ResumesView.swift in Sources */,
				807D987428325B5700C06FFE /* Project.swift in Sources */,
				808DB345282E66EA00452F5D /* PersonalInfo.swift in Sources */,
				80247ECE282D2A30000350C6 /* PersonalInfoForm.swift in Sources */,
				806C442C282C20B9003D1A57 /* AnyMindResumeApp.swift in Sources */,
				806567082830F4A2004256BA /* ImagePickerView.swift in Sources */,
				806185962831AB9B00DCB09C /* WorksView.swift in Sources */,
				8065671728312177004256BA /* ActivityItem.swift in Sources */,
			);
			runOnlyForDeploymentPostprocessing = 0;
		};
		806C4444282C289F003D1A57 /* Sources */ = {
			isa = PBXSourcesBuildPhase;
			buildActionMask = 2147483647;
			files = (
				80247ECB282D1323000350C6 /* PersonalInfoViewTest.swift in Sources */,
				806C4452282C28D6003D1A57 /* ResumesViewTest.swift in Sources */,
			);
			runOnlyForDeploymentPostprocessing = 0;
		};
/* End PBXSourcesBuildPhase section */

/* Begin PBXTargetDependency section */
		806C444D282C289F003D1A57 /* PBXTargetDependency */ = {
			isa = PBXTargetDependency;
			target = 806C4409282C20B9003D1A57 /* AnyMindResume (iOS) */;
			targetProxy = 806C444C282C289F003D1A57 /* PBXContainerItemProxy */;
		};
/* End PBXTargetDependency section */

/* Begin XCBuildConfiguration section */
		806C4431282C20B9003D1A57 /* Debug */ = {
			isa = XCBuildConfiguration;
			buildSettings = {
				ALWAYS_SEARCH_USER_PATHS = NO;
				CLANG_ANALYZER_NONNULL = YES;
				CLANG_ANALYZER_NUMBER_OBJECT_CONVERSION = YES_AGGRESSIVE;
				CLANG_CXX_LANGUAGE_STANDARD = "gnu++17";
				CLANG_ENABLE_MODULES = YES;
				CLANG_ENABLE_OBJC_ARC = YES;
				CLANG_ENABLE_OBJC_WEAK = YES;
				CLANG_WARN_BLOCK_CAPTURE_AUTORELEASING = YES;
				CLANG_WARN_BOOL_CONVERSION = YES;
				CLANG_WARN_COMMA = YES;
				CLANG_WARN_CONSTANT_CONVERSION = YES;
				CLANG_WARN_DEPRECATED_OBJC_IMPLEMENTATIONS = YES;
				CLANG_WARN_DIRECT_OBJC_ISA_USAGE = YES_ERROR;
				CLANG_WARN_DOCUMENTATION_COMMENTS = YES;
				CLANG_WARN_EMPTY_BODY = YES;
				CLANG_WARN_ENUM_CONVERSION = YES;
				CLANG_WARN_INFINITE_RECURSION = YES;
				CLANG_WARN_INT_CONVERSION = YES;
				CLANG_WARN_NON_LITERAL_NULL_CONVERSION = YES;
				CLANG_WARN_OBJC_IMPLICIT_RETAIN_SELF = YES;
				CLANG_WARN_OBJC_LITERAL_CONVERSION = YES;
				CLANG_WARN_OBJC_ROOT_CLASS = YES_ERROR;
				CLANG_WARN_QUOTED_INCLUDE_IN_FRAMEWORK_HEADER = YES;
				CLANG_WARN_RANGE_LOOP_ANALYSIS = YES;
				CLANG_WARN_STRICT_PROTOTYPES = YES;
				CLANG_WARN_SUSPICIOUS_MOVE = YES;
				CLANG_WARN_UNGUARDED_AVAILABILITY = YES_AGGRESSIVE;
				CLANG_WARN_UNREACHABLE_CODE = YES;
				CLANG_WARN__DUPLICATE_METHOD_MATCH = YES;
				COPY_PHASE_STRIP = NO;
				DEBUG_INFORMATION_FORMAT = dwarf;
				ENABLE_STRICT_OBJC_MSGSEND = YES;
				ENABLE_TESTABILITY = YES;
				GCC_C_LANGUAGE_STANDARD = gnu11;
				GCC_DYNAMIC_NO_PIC = NO;
				GCC_NO_COMMON_BLOCKS = YES;
				GCC_OPTIMIZATION_LEVEL = 0;
				GCC_PREPROCESSOR_DEFINITIONS = (
					"DEBUG=1",
					"$(inherited)",
				);
				GCC_WARN_64_TO_32_BIT_CONVERSION = YES;
				GCC_WARN_ABOUT_RETURN_TYPE = YES_ERROR;
				GCC_WARN_UNDECLARED_SELECTOR = YES;
				GCC_WARN_UNINITIALIZED_AUTOS = YES_AGGRESSIVE;
				GCC_WARN_UNUSED_FUNCTION = YES;
				GCC_WARN_UNUSED_VARIABLE = YES;
				MTL_ENABLE_DEBUG_INFO = INCLUDE_SOURCE;
				MTL_FAST_MATH = YES;
				ONLY_ACTIVE_ARCH = YES;
				SWIFT_ACTIVE_COMPILATION_CONDITIONS = DEBUG;
				SWIFT_OPTIMIZATION_LEVEL = "-Onone";
			};
			name = Debug;
		};
		806C4432282C20B9003D1A57 /* Release */ = {
			isa = XCBuildConfiguration;
			buildSettings = {
				ALWAYS_SEARCH_USER_PATHS = NO;
				CLANG_ANALYZER_NONNULL = YES;
				CLANG_ANALYZER_NUMBER_OBJECT_CONVERSION = YES_AGGRESSIVE;
				CLANG_CXX_LANGUAGE_STANDARD = "gnu++17";
				CLANG_ENABLE_MODULES = YES;
				CLANG_ENABLE_OBJC_ARC = YES;
				CLANG_ENABLE_OBJC_WEAK = YES;
				CLANG_WARN_BLOCK_CAPTURE_AUTORELEASING = YES;
				CLANG_WARN_BOOL_CONVERSION = YES;
				CLANG_WARN_COMMA = YES;
				CLANG_WARN_CONSTANT_CONVERSION = YES;
				CLANG_WARN_DEPRECATED_OBJC_IMPLEMENTATIONS = YES;
				CLANG_WARN_DIRECT_OBJC_ISA_USAGE = YES_ERROR;
				CLANG_WARN_DOCUMENTATION_COMMENTS = YES;
				CLANG_WARN_EMPTY_BODY = YES;
				CLANG_WARN_ENUM_CONVERSION = YES;
				CLANG_WARN_INFINITE_RECURSION = YES;
				CLANG_WARN_INT_CONVERSION = YES;
				CLANG_WARN_NON_LITERAL_NULL_CONVERSION = YES;
				CLANG_WARN_OBJC_IMPLICIT_RETAIN_SELF = YES;
				CLANG_WARN_OBJC_LITERAL_CONVERSION = YES;
				CLANG_WARN_OBJC_ROOT_CLASS = YES_ERROR;
				CLANG_WARN_QUOTED_INCLUDE_IN_FRAMEWORK_HEADER = YES;
				CLANG_WARN_RANGE_LOOP_ANALYSIS = YES;
				CLANG_WARN_STRICT_PROTOTYPES = YES;
				CLANG_WARN_SUSPICIOUS_MOVE = YES;
				CLANG_WARN_UNGUARDED_AVAILABILITY = YES_AGGRESSIVE;
				CLANG_WARN_UNREACHABLE_CODE = YES;
				CLANG_WARN__DUPLICATE_METHOD_MATCH = YES;
				COPY_PHASE_STRIP = NO;
				DEBUG_INFORMATION_FORMAT = "dwarf-with-dsym";
				ENABLE_NS_ASSERTIONS = NO;
				ENABLE_STRICT_OBJC_MSGSEND = YES;
				GCC_C_LANGUAGE_STANDARD = gnu11;
				GCC_NO_COMMON_BLOCKS = YES;
				GCC_WARN_64_TO_32_BIT_CONVERSION = YES;
				GCC_WARN_ABOUT_RETURN_TYPE = YES_ERROR;
				GCC_WARN_UNDECLARED_SELECTOR = YES;
				GCC_WARN_UNINITIALIZED_AUTOS = YES_AGGRESSIVE;
				GCC_WARN_UNUSED_FUNCTION = YES;
				GCC_WARN_UNUSED_VARIABLE = YES;
				MTL_ENABLE_DEBUG_INFO = NO;
				MTL_FAST_MATH = YES;
				SWIFT_COMPILATION_MODE = wholemodule;
				SWIFT_OPTIMIZATION_LEVEL = "-O";
			};
			name = Release;
		};
		806C4434282C20B9003D1A57 /* Debug */ = {
			isa = XCBuildConfiguration;
			buildSettings = {
				ASSETCATALOG_COMPILER_APPICON_NAME = AppIcon;
				ASSETCATALOG_COMPILER_GLOBAL_ACCENT_COLOR_NAME = AccentColor;
				CODE_SIGN_STYLE = Automatic;
				CURRENT_PROJECT_VERSION = 1;
				DEVELOPMENT_TEAM = HNFP425755;
				ENABLE_PREVIEWS = YES;
				GENERATE_INFOPLIST_FILE = YES;
				INFOPLIST_KEY_UIApplicationSceneManifest_Generation = YES;
				INFOPLIST_KEY_UIApplicationSupportsIndirectInputEvents = YES;
				INFOPLIST_KEY_UILaunchScreen_Generation = YES;
				INFOPLIST_KEY_UISupportedInterfaceOrientations = UIInterfaceOrientationPortrait;
				INFOPLIST_KEY_UISupportedInterfaceOrientations_iPad = "UIInterfaceOrientationPortrait UIInterfaceOrientationPortraitUpsideDown UIInterfaceOrientationLandscapeLeft UIInterfaceOrientationLandscapeRight";
				INFOPLIST_KEY_UISupportedInterfaceOrientations_iPhone = "UIInterfaceOrientationPortrait UIInterfaceOrientationLandscapeLeft UIInterfaceOrientationLandscapeRight";
				IPHONEOS_DEPLOYMENT_TARGET = 15.4;
				LD_RUNPATH_SEARCH_PATHS = (
					"$(inherited)",
					"@executable_path/Frameworks",
				);
				MARKETING_VERSION = 1.0;
				PRODUCT_BUNDLE_IDENTIFIER = com.ajid.AnyMindResume;
				PRODUCT_NAME = AnyMindResume;
				SDKROOT = iphoneos;
				SWIFT_EMIT_LOC_STRINGS = YES;
				SWIFT_VERSION = 5.0;
				TARGETED_DEVICE_FAMILY = "1,2";
			};
			name = Debug;
		};
		806C4435282C20B9003D1A57 /* Release */ = {
			isa = XCBuildConfiguration;
			buildSettings = {
				ASSETCATALOG_COMPILER_APPICON_NAME = AppIcon;
				ASSETCATALOG_COMPILER_GLOBAL_ACCENT_COLOR_NAME = AccentColor;
				CODE_SIGN_STYLE = Automatic;
				CURRENT_PROJECT_VERSION = 1;
				DEVELOPMENT_TEAM = HNFP425755;
				ENABLE_PREVIEWS = YES;
				GENERATE_INFOPLIST_FILE = YES;
				INFOPLIST_KEY_UIApplicationSceneManifest_Generation = YES;
				INFOPLIST_KEY_UIApplicationSupportsIndirectInputEvents = YES;
				INFOPLIST_KEY_UILaunchScreen_Generation = YES;
				INFOPLIST_KEY_UISupportedInterfaceOrientations = UIInterfaceOrientationPortrait;
				INFOPLIST_KEY_UISupportedInterfaceOrientations_iPad = "UIInterfaceOrientationPortrait UIInterfaceOrientationPortraitUpsideDown UIInterfaceOrientationLandscapeLeft UIInterfaceOrientationLandscapeRight";
				INFOPLIST_KEY_UISupportedInterfaceOrientations_iPhone = "UIInterfaceOrientationPortrait UIInterfaceOrientationLandscapeLeft UIInterfaceOrientationLandscapeRight";
				IPHONEOS_DEPLOYMENT_TARGET = 15.4;
				LD_RUNPATH_SEARCH_PATHS = (
					"$(inherited)",
					"@executable_path/Frameworks",
				);
				MARKETING_VERSION = 1.0;
				PRODUCT_BUNDLE_IDENTIFIER = com.ajid.AnyMindResume;
				PRODUCT_NAME = AnyMindResume;
				SDKROOT = iphoneos;
				SWIFT_EMIT_LOC_STRINGS = YES;
				SWIFT_VERSION = 5.0;
				TARGETED_DEVICE_FAMILY = "1,2";
				VALIDATE_PRODUCT = YES;
			};
			name = Release;
		};
		806C4437282C20B9003D1A57 /* Debug */ = {
			isa = XCBuildConfiguration;
			buildSettings = {
				ASSETCATALOG_COMPILER_APPICON_NAME = AppIcon;
				ASSETCATALOG_COMPILER_GLOBAL_ACCENT_COLOR_NAME = AccentColor;
				CODE_SIGN_ENTITLEMENTS = macOS/macOS.entitlements;
				CODE_SIGN_STYLE = Automatic;
				COMBINE_HIDPI_IMAGES = YES;
				CURRENT_PROJECT_VERSION = 1;
				DEVELOPMENT_TEAM = HNFP425755;
				ENABLE_HARDENED_RUNTIME = YES;
				ENABLE_PREVIEWS = YES;
				GENERATE_INFOPLIST_FILE = YES;
				INFOPLIST_KEY_NSHumanReadableCopyright = "";
				LD_RUNPATH_SEARCH_PATHS = (
					"$(inherited)",
					"@executable_path/../Frameworks",
				);
				MACOSX_DEPLOYMENT_TARGET = 12.2;
				MARKETING_VERSION = 1.0;
				PRODUCT_BUNDLE_IDENTIFIER = com.ajid.AnyMindResume;
				PRODUCT_NAME = AnyMindResume;
				SDKROOT = macosx;
				SWIFT_EMIT_LOC_STRINGS = YES;
				SWIFT_VERSION = 5.0;
			};
			name = Debug;
		};
		806C4438282C20B9003D1A57 /* Release */ = {
			isa = XCBuildConfiguration;
			buildSettings = {
				ASSETCATALOG_COMPILER_APPICON_NAME = AppIcon;
				ASSETCATALOG_COMPILER_GLOBAL_ACCENT_COLOR_NAME = AccentColor;
				CODE_SIGN_ENTITLEMENTS = macOS/macOS.entitlements;
				CODE_SIGN_STYLE = Automatic;
				COMBINE_HIDPI_IMAGES = YES;
				CURRENT_PROJECT_VERSION = 1;
				DEVELOPMENT_TEAM = HNFP425755;
				ENABLE_HARDENED_RUNTIME = YES;
				ENABLE_PREVIEWS = YES;
				GENERATE_INFOPLIST_FILE = YES;
				INFOPLIST_KEY_NSHumanReadableCopyright = "";
				LD_RUNPATH_SEARCH_PATHS = (
					"$(inherited)",
					"@executable_path/../Frameworks",
				);
				MACOSX_DEPLOYMENT_TARGET = 12.2;
				MARKETING_VERSION = 1.0;
				PRODUCT_BUNDLE_IDENTIFIER = com.ajid.AnyMindResume;
				PRODUCT_NAME = AnyMindResume;
				SDKROOT = macosx;
				SWIFT_EMIT_LOC_STRINGS = YES;
				SWIFT_VERSION = 5.0;
			};
			name = Release;
		};
		806C444F282C289F003D1A57 /* Debug */ = {
			isa = XCBuildConfiguration;
			buildSettings = {
				BUNDLE_LOADER = "$(TEST_HOST)";
				CLANG_ENABLE_MODULES = YES;
				CODE_SIGN_STYLE = Automatic;
				CURRENT_PROJECT_VERSION = 1;
				DEVELOPMENT_TEAM = HNFP425755;
				GENERATE_INFOPLIST_FILE = YES;
				IPHONEOS_DEPLOYMENT_TARGET = 15.4;
				LD_RUNPATH_SEARCH_PATHS = (
					"$(inherited)",
					"@executable_path/Frameworks",
					"@loader_path/Frameworks",
				);
				MARKETING_VERSION = 1.0;
				PRODUCT_BUNDLE_IDENTIFIER = "com.ajid.Tests-iOS";
				PRODUCT_NAME = "$(TARGET_NAME)";
				SDKROOT = iphoneos;
				SWIFT_EMIT_LOC_STRINGS = NO;
				SWIFT_OPTIMIZATION_LEVEL = "-Onone";
				SWIFT_VERSION = 5.0;
				TARGETED_DEVICE_FAMILY = "1,2";
				TEST_HOST = "$(BUILT_PRODUCTS_DIR)/AnyMindResume.app/AnyMindResume";
			};
			name = Debug;
		};
		806C4450282C289F003D1A57 /* Release */ = {
			isa = XCBuildConfiguration;
			buildSettings = {
				BUNDLE_LOADER = "$(TEST_HOST)";
				CLANG_ENABLE_MODULES = YES;
				CODE_SIGN_STYLE = Automatic;
				CURRENT_PROJECT_VERSION = 1;
				DEVELOPMENT_TEAM = HNFP425755;
				GENERATE_INFOPLIST_FILE = YES;
				IPHONEOS_DEPLOYMENT_TARGET = 15.4;
				LD_RUNPATH_SEARCH_PATHS = (
					"$(inherited)",
					"@executable_path/Frameworks",
					"@loader_path/Frameworks",
				);
				MARKETING_VERSION = 1.0;
				PRODUCT_BUNDLE_IDENTIFIER = "com.ajid.Tests-iOS";
				PRODUCT_NAME = "$(TARGET_NAME)";
				SDKROOT = iphoneos;
				SWIFT_EMIT_LOC_STRINGS = NO;
				SWIFT_VERSION = 5.0;
				TARGETED_DEVICE_FAMILY = "1,2";
				TEST_HOST = "$(BUILT_PRODUCTS_DIR)/AnyMindResume.app/AnyMindResume";
				VALIDATE_PRODUCT = YES;
			};
			name = Release;
		};
/* End XCBuildConfiguration section */

/* Begin XCConfigurationList section */
		806C4401282C20B7003D1A57 /* Build configuration list for PBXProject "AnyMindResume" */ = {
			isa = XCConfigurationList;
			buildConfigurations = (
				806C4431282C20B9003D1A57 /* Debug */,
				806C4432282C20B9003D1A57 /* Release */,
			);
			defaultConfigurationIsVisible = 0;
			defaultConfigurationName = Release;
		};
		806C4433282C20B9003D1A57 /* Build configuration list for PBXNativeTarget "AnyMindResume (iOS)" */ = {
			isa = XCConfigurationList;
			buildConfigurations = (
				806C4434282C20B9003D1A57 /* Debug */,
				806C4435282C20B9003D1A57 /* Release */,
			);
			defaultConfigurationIsVisible = 0;
			defaultConfigurationName = Release;
		};
		806C4436282C20B9003D1A57 /* Build configuration list for PBXNativeTarget "AnyMindResume (macOS)" */ = {
			isa = XCConfigurationList;
			buildConfigurations = (
				806C4437282C20B9003D1A57 /* Debug */,
				806C4438282C20B9003D1A57 /* Release */,
			);
			defaultConfigurationIsVisible = 0;
			defaultConfigurationName = Release;
		};
		806C444E282C289F003D1A57 /* Build configuration list for PBXNativeTarget "Tests iOS" */ = {
			isa = XCConfigurationList;
			buildConfigurations = (
				806C444F282C289F003D1A57 /* Debug */,
				806C4450282C289F003D1A57 /* Release */,
			);
			defaultConfigurationIsVisible = 0;
			defaultConfigurationName = Release;
		};
/* End XCConfigurationList section */

/* Begin XCRemoteSwiftPackageReference section */
		80331A1C283B7ED8007BEB37 /* XCRemoteSwiftPackageReference "Resolver" */ = {
			isa = XCRemoteSwiftPackageReference;
			repositoryURL = "https://github.com/hmlongco/Resolver.git";
			requirement = {
				kind = upToNextMajorVersion;
				minimumVersion = 1.1.2;
			};
		};
		806C443F282C220C003D1A57 /* XCRemoteSwiftPackageReference "ViewInspector" */ = {
			isa = XCRemoteSwiftPackageReference;
			repositoryURL = "https://github.com/nalexn/ViewInspector";
			requirement = {
				branch = master;
				kind = branch;
			};
		};
/* End XCRemoteSwiftPackageReference section */

/* Begin XCSwiftPackageProductDependency section */
		80331A1D283B7ED8007BEB37 /* Resolver */ = {
			isa = XCSwiftPackageProductDependency;
			package = 80331A1C283B7ED8007BEB37 /* XCRemoteSwiftPackageReference "Resolver" */;
			productName = Resolver;
		};
		806C4454282C2A46003D1A57 /* ViewInspector */ = {
			isa = XCSwiftPackageProductDependency;
			package = 806C443F282C220C003D1A57 /* XCRemoteSwiftPackageReference "ViewInspector" */;
			productName = ViewInspector;
		};
/* End XCSwiftPackageProductDependency section */

/* Begin XCVersionGroup section */
		80D6BEAB282EDF1500A429A3 /* db_model_v1.xcdatamodeld */ = {
			isa = XCVersionGroup;
			children = (
				80D6BEAC282EDF1500A429A3 /* db_model_v1.xcdatamodel */,
			);
			currentVersion = 80D6BEAC282EDF1500A429A3 /* db_model_v1.xcdatamodel */;
			path = db_model_v1.xcdatamodeld;
			sourceTree = "<group>";
			versionGroupType = wrapper.xcdatamodel;
		};
/* End XCVersionGroup section */
	};
	rootObject = 806C43FE282C20B7003D1A57 /* Project object */;
}
